
Microsoft Visual Studio Solution File, Format Version 12.00
# Visual Studio Version 17
VisualStudioVersion = 17.14.36203.30
MinimumVisualStudioVersion = 10.0.40219.1
Project("{FAE04EC0-301F-11D3-BF4B-00C04F79EFBC}") = "TodoApi", "TodoApi\TodoApi.csproj", "{051D1826-B2DF-4F32-B08C-D7917783F49F}"
EndProject
Project("{FAE04EC0-301F-11D3-BF4B-00C04F79EFBC}") = "TodoApi.Tests", "TodoApi.Tests\TodoApi.Tests.csproj", "{973F7DDE-6094-491B-9A5E-664F7616AB0B}"
EndProject
Project("{2150E333-8FDC-42A3-9474-1A3956D46DE8}") = "Solution Items", "Solution Items", "{8EC462FD-D22E-90A8-E5CE-7E832BA40C5D}"
	ProjectSection(SolutionItems) = preProject
		Dockerfile = Dockerfile
	EndProjectSection
EndProject
Global
	GlobalSection(SolutionConfigurationPlatforms) = preSolution
		Debug|Any CPU = Debug|Any CPU
		Release|Any CPU = Release|Any CPU
	EndGlobalSection
	GlobalSection(ProjectConfigurationPlatforms) = postSolution
		{051D1826-B2DF-4F32-B08C-D7917783F49F}.Debug|Any CPU.ActiveCfg = Debug|Any CPU
		{051D1826-B2DF-4F32-B08C-D7917783F49F}.Debug|Any CPU.Build.0 = Debug|Any CPU
		{051D1826-B2DF-4F32-B08C-D7917783F49F}.Release|Any CPU.ActiveCfg = Release|Any CPU
		{051D1826-B2DF-4F32-B08C-D7917783F49F}.Release|Any CPU.Build.0 = Release|Any CPU
		{973F7DDE-6094-491B-9A5E-664F7616AB0B}.Debug|Any CPU.ActiveCfg = Debug|Any CPU
		{973F7DDE-6094-491B-9A5E-664F7616AB0B}.Debug|Any CPU.Build.0 = Debug|Any CPU
		{973F7DDE-6094-491B-9A5E-664F7616AB0B}.Release|Any CPU.ActiveCfg = Release|Any CPU
		{973F7DDE-6094-491B-9A5E-664F7616AB0B}.Release|Any CPU.Build.0 = Release|Any CPU
	EndGlobalSection
	GlobalSection(SolutionProperties) = preSolution
		HideSolutionNode = FALSE
	EndGlobalSection
	GlobalSection(ExtensibilityGlobals) = postSolution
		SolutionGuid = {CF3D9BFD-008E-4F7E-93B2-595A3402EFB4}
	EndGlobalSection
EndGlobal
